
Microsoft Visual Studio Solution File, Format Version 12.00
# Visual Studio Version 16
VisualStudioVersion = 16.0.31613.86
MinimumVisualStudioVersion = 10.0.40219.1
Project("{FAE04EC0-301F-11D3-BF4B-00C04F79EFBC}") = "SinavOlusturma", "SinavOlusturma\SinavOlusturma.csproj", "{9A8084E6-51BA-4BCF-994D-C4FCD728E1CE}"
EndProject
Global
	GlobalSection(SolutionConfigurationPlatforms) = preSolution
		Debug|Any CPU = Debug|Any CPU
		Release|Any CPU = Release|Any CPU
	EndGlobalSection
	GlobalSection(ProjectConfigurationPlatforms) = postSolution
		{9A8084E6-51BA-4BCF-994D-C4FCD728E1CE}.Debug|Any CPU.ActiveCfg = Debug|Any CPU
		{9A8084E6-51BA-4BCF-994D-C4FCD728E1CE}.Debug|Any CPU.Build.0 = Debug|Any CPU
		{9A8084E6-51BA-4BCF-994D-C4FCD728E1CE}.Release|Any CPU.ActiveCfg = Release|Any CPU
		{9A8084E6-51BA-4BCF-994D-C4FCD728E1CE}.Release|Any CPU.Build.0 = Release|Any CPU
	EndGlobalSection
	GlobalSection(SolutionProperties) = preSolution
		HideSolutionNode = FALSE
	EndGlobalSection
	GlobalSection(ExtensibilityGlobals) = postSolution
		SolutionGuid = {6F1E96A1-360E-40A4-860E-9F9A7E09EF70}
	EndGlobalSection
EndGlobal
